
Microsoft Visual Studio Solution File, Format Version 12.00
# Visual Studio Version 16
VisualStudioVersion = 16.0.30413.136
MinimumVisualStudioVersion = 10.0.40219.1
Project("{9A19103F-16F7-4668-BE54-9A1E7A4F7556}") = "RestTest", "WebApi\RestTest.csproj", "{ADC773C3-0221-46FC-9374-460561550EDF}"
EndProject
Project("{FAE04EC0-301F-11D3-BF4B-00C04F79EFBC}") = "RestTest.IntegrationTests", "RestTest.IntegrationTests\RestTest.IntegrationTests.csproj", "{9BEAF8BA-AE4F-457B-8864-FC123F139F81}"
EndProject
Global
	GlobalSection(SolutionConfigurationPlatforms) = preSolution
		Debug|Any CPU = Debug|Any CPU
		Release|Any CPU = Release|Any CPU
	EndGlobalSection
	GlobalSection(ProjectConfigurationPlatforms) = postSolution
		{ADC773C3-0221-46FC-9374-460561550EDF}.Debug|Any CPU.ActiveCfg = Debug|Any CPU
		{ADC773C3-0221-46FC-9374-460561550EDF}.Debug|Any CPU.Build.0 = Debug|Any CPU
		{ADC773C3-0221-46FC-9374-460561550EDF}.Release|Any CPU.ActiveCfg = Release|Any CPU
		{ADC773C3-0221-46FC-9374-460561550EDF}.Release|Any CPU.Build.0 = Release|Any CPU
		{9BEAF8BA-AE4F-457B-8864-FC123F139F81}.Debug|Any CPU.ActiveCfg = Debug|Any CPU
		{9BEAF8BA-AE4F-457B-8864-FC123F139F81}.Debug|Any CPU.Build.0 = Debug|Any CPU
		{9BEAF8BA-AE4F-457B-8864-FC123F139F81}.Release|Any CPU.ActiveCfg = Release|Any CPU
		{9BEAF8BA-AE4F-457B-8864-FC123F139F81}.Release|Any CPU.Build.0 = Release|Any CPU
	EndGlobalSection
	GlobalSection(SolutionProperties) = preSolution
		HideSolutionNode = FALSE
	EndGlobalSection
	GlobalSection(ExtensibilityGlobals) = postSolution
		SolutionGuid = {F26C1AE4-6B78-49D0-831C-8016480AEA6F}
	EndGlobalSection
EndGlobal
